// !$*UTF8*$!
{
	archiveVersion = 1;
	classes = {
	};
	objectVersion = 50;
	objects = {

/* Begin PBXBuildFile section */
		3F4CF93F270B522B00F375A3 /* iDine0App.swift in Sources */ = {isa = PBXBuildFile; fileRef = 3F4CF93E270B522B00F375A3 /* iDine0App.swift */; };
		3F4CF941270B522B00F375A3 /* ContentView.swift in Sources */ = {isa = PBXBuildFile; fileRef = 3F4CF940270B522B00F375A3 /* ContentView.swift */; };
		3F4CF943270B523100F375A3 /* Assets.xcassets in Resources */ = {isa = PBXBuildFile; fileRef = 3F4CF942270B523100F375A3 /* Assets.xcassets */; };
		3F4CF946270B523100F375A3 /* Preview Assets.xcassets in Resources */ = {isa = PBXBuildFile; fileRef = 3F4CF945270B523100F375A3 /* Preview Assets.xcassets */; };
		3F4CF951270B523200F375A3 /* iDine0Tests.swift in Sources */ = {isa = PBXBuildFile; fileRef = 3F4CF950270B523200F375A3 /* iDine0Tests.swift */; };
		3F4CF95C270B523200F375A3 /* iDine0UITests.swift in Sources */ = {isa = PBXBuildFile; fileRef = 3F4CF95B270B523200F375A3 /* iDine0UITests.swift */; };
		3F4CF96A270B539900F375A3 /* Helper.swift in Sources */ = {isa = PBXBuildFile; fileRef = 3F4CF969270B539900F375A3 /* Helper.swift */; };
		3F4CF96C270B53A000F375A3 /* menu.json in Resources */ = {isa = PBXBuildFile; fileRef = 3F4CF96B270B53A000F375A3 /* menu.json */; };
		3F4CF96E270B53A600F375A3 /* Menu.swift in Sources */ = {isa = PBXBuildFile; fileRef = 3F4CF96D270B53A500F375A3 /* Menu.swift */; };
		3F4CF970270B53AB00F375A3 /* Order.swift in Sources */ = {isa = PBXBuildFile; fileRef = 3F4CF96F270B53AB00F375A3 /* Order.swift */; };
/* End PBXBuildFile section */

/* Begin PBXContainerItemProxy section */
		3F4CF94D270B523200F375A3 /* PBXContainerItemProxy */ = {
			isa = PBXContainerItemProxy;
			containerPortal = 3F4CF933270B522B00F375A3 /* Project object */;
			proxyType = 1;
			remoteGlobalIDString = 3F4CF93A270B522B00F375A3;
			remoteInfo = iDine0;
		};
		3F4CF958270B523200F375A3 /* PBXContainerItemProxy */ = {
			isa = PBXContainerItemProxy;
			containerPortal = 3F4CF933270B522B00F375A3 /* Project object */;
			proxyType = 1;
			remoteGlobalIDString = 3F4CF93A270B522B00F375A3;
			remoteInfo = iDine0;
		};
/* End PBXContainerItemProxy section */

/* Begin PBXFileReference section */
		3F4CF93B270B522B00F375A3 /* iDine0.app */ = {isa = PBXFileReference; explicitFileType = wrapper.application; includeInIndex = 0; path = iDine0.app; sourceTree = BUILT_PRODUCTS_DIR; };
		3F4CF93E270B522B00F375A3 /* iDine0App.swift */ = {isa = PBXFileReference; lastKnownFileType = sourcecode.swift; path = iDine0App.swift; sourceTree = "<group>"; };
		3F4CF940270B522B00F375A3 /* ContentView.swift */ = {isa = PBXFileReference; lastKnownFileType = sourcecode.swift; path = ContentView.swift; sourceTree = "<group>"; };
		3F4CF942270B523100F375A3 /* Assets.xcassets */ = {isa = PBXFileReference; lastKnownFileType = folder.assetcatalog; path = Assets.xcassets; sourceTree = "<group>"; };
		3F4CF945270B523100F375A3 /* Preview Assets.xcassets */ = {isa = PBXFileReference; lastKnownFileType = folder.assetcatalog; path = "Preview Assets.xcassets"; sourceTree = "<group>"; };
		3F4CF947270B523100F375A3 /* Info.plist */ = {isa = PBXFileReference; lastKnownFileType = text.plist.xml; path = Info.plist; sourceTree = "<group>"; };
		3F4CF94C270B523200F375A3 /* iDine0Tests.xctest */ = {isa = PBXFileReference; explicitFileType = wrapper.cfbundle; includeInIndex = 0; path = iDine0Tests.xctest; sourceTree = BUILT_PRODUCTS_DIR; };
		3F4CF950270B523200F375A3 /* iDine0Tests.swift */ = {isa = PBXFileReference; lastKnownFileType = sourcecode.swift; path = iDine0Tests.swift; sourceTree = "<group>"; };
		3F4CF952270B523200F375A3 /* Info.plist */ = {isa = PBXFileReference; lastKnownFileType = text.plist.xml; path = Info.plist; sourceTree = "<group>"; };
		3F4CF957270B523200F375A3 /* iDine0UITests.xctest */ = {isa = PBXFileReference; explicitFileType = wrapper.cfbundle; includeInIndex = 0; path = iDine0UITests.xctest; sourceTree = BUILT_PRODUCTS_DIR; };
		3F4CF95B270B523200F375A3 /* iDine0UITests.swift */ = {isa = PBXFileReference; lastKnownFileType = sourcecode.swift; path = iDine0UITests.swift; sourceTree = "<group>"; };
		3F4CF95D270B523200F375A3 /* Info.plist */ = {isa = PBXFileReference; lastKnownFileType = text.plist.xml; path = Info.plist; sourceTree = "<group>"; };
		3F4CF969270B539900F375A3 /* Helper.swift */ = {isa = PBXFileReference; fileEncoding = 4; lastKnownFileType = sourcecode.swift; name = Helper.swift; path = "../../../../Downloads/idine-2/Helper.swift"; sourceTree = "<group>"; };
		3F4CF96B270B53A000F375A3 /* menu.json */ = {isa = PBXFileReference; fileEncoding = 4; lastKnownFileType = text.json; name = menu.json; path = "../../../../Downloads/idine-2/menu.json"; sourceTree = "<group>"; };
		3F4CF96D270B53A500F375A3 /* Menu.swift */ = {isa = PBXFileReference; fileEncoding = 4; lastKnownFileType = sourcecode.swift; name = Menu.swift; path = "../../../../Downloads/idine-2/Menu.swift"; sourceTree = "<group>"; };
		3F4CF96F270B53AB00F375A3 /* Order.swift */ = {isa = PBXFileReference; fileEncoding = 4; lastKnownFileType = sourcecode.swift; name = Order.swift; path = "../../../../Downloads/idine-2/Order.swift"; sourceTree = "<group>"; };
/* End PBXFileReference section */

/* Begin PBXFrameworksBuildPhase section */
		3F4CF938270B522B00F375A3 /* Frameworks */ = {
			isa = PBXFrameworksBuildPhase;
			buildActionMask = 2147483647;
			files = (
			);
			runOnlyForDeploymentPostprocessing = 0;
		};
		3F4CF949270B523200F375A3 /* Frameworks */ = {
			isa = PBXFrameworksBuildPhase;
			buildActionMask = 2147483647;
			files = (
			);
			runOnlyForDeploymentPostprocessing = 0;
		};
		3F4CF954270B523200F375A3 /* Frameworks */ = {
			isa = PBXFrameworksBuildPhase;
			buildActionMask = 2147483647;
			files = (
			);
			runOnlyForDeploymentPostprocessing = 0;
		};
/* End PBXFrameworksBuildPhase section */

/* Begin PBXGroup section */
		3F4CF932270B522B00F375A3 = {
			isa = PBXGroup;
			children = (
				3F4CF93D270B522B00F375A3 /* iDine0 */,
				3F4CF94F270B523200F375A3 /* iDine0Tests */,
				3F4CF95A270B523200F375A3 /* iDine0UITests */,
				3F4CF93C270B522B00F375A3 /* Products */,
			);
			sourceTree = "<group>";
		};
		3F4CF93C270B522B00F375A3 /* Products */ = {
			isa = PBXGroup;
			children = (
				3F4CF93B270B522B00F375A3 /* iDine0.app */,
				3F4CF94C270B523200F375A3 /* iDine0Tests.xctest */,
				3F4CF957270B523200F375A3 /* iDine0UITests.xctest */,
			);
			name = Products;
			sourceTree = "<group>";
		};
		3F4CF93D270B522B00F375A3 /* iDine0 */ = {
			isa = PBXGroup;
			children = (
				3F4CF93E270B522B00F375A3 /* iDine0App.swift */,
				3F4CF940270B522B00F375A3 /* ContentView.swift */,
				3F4CF969270B539900F375A3 /* Helper.swift */,
				3F4CF96D270B53A500F375A3 /* Menu.swift */,
				3F4CF96F270B53AB00F375A3 /* Order.swift */,
				3F4CF96B270B53A000F375A3 /* menu.json */,
				3F4CF942270B523100F375A3 /* Assets.xcassets */,
				3F4CF947270B523100F375A3 /* Info.plist */,
				3F4CF944270B523100F375A3 /* Preview Content */,
			);
			path = iDine0;
			sourceTree = "<group>";
		};
		3F4CF944270B523100F375A3 /* Preview Content */ = {
			isa = PBXGroup;
			children = (
				3F4CF945270B523100F375A3 /* Preview Assets.xcassets */,
			);
			path = "Preview Content";
			sourceTree = "<group>";
		};
		3F4CF94F270B523200F375A3 /* iDine0Tests */ = {
			isa = PBXGroup;
			children = (
				3F4CF950270B523200F375A3 /* iDine0Tests.swift */,
				3F4CF952270B523200F375A3 /* Info.plist */,
			);
			path = iDine0Tests;
			sourceTree = "<group>";
		};
		3F4CF95A270B523200F375A3 /* iDine0UITests */ = {
			isa = PBXGroup;
			children = (
				3F4CF95B270B523200F375A3 /* iDine0UITests.swift */,
				3F4CF95D270B523200F375A3 /* Info.plist */,
			);
			path = iDine0UITests;
			sourceTree = "<group>";
		};
/* End PBXGroup section */

/* Begin PBXNativeTarget section */
		3F4CF93A270B522B00F375A3 /* iDine0 */ = {
			isa = PBXNativeTarget;
			buildConfigurationList = 3F4CF960270B523200F375A3 /* Build configuration list for PBXNativeTarget "iDine0" */;
			buildPhases = (
				3F4CF937270B522B00F375A3 /* Sources */,
				3F4CF938270B522B00F375A3 /* Frameworks */,
				3F4CF939270B522B00F375A3 /* Resources */,
			);
			buildRules = (
			);
			dependencies = (
			);
			name = iDine0;
			productName = iDine0;
			productReference = 3F4CF93B270B522B00F375A3 /* iDine0.app */;
			productType = "com.apple.product-type.application";
		};
		3F4CF94B270B523200F375A3 /* iDine0Tests */ = {
			isa = PBXNativeTarget;
			buildConfigurationList = 3F4CF963270B523200F375A3 /* Build configuration list for PBXNativeTarget "iDine0Tests" */;
			buildPhases = (
				3F4CF948270B523200F375A3 /* Sources */,
				3F4CF949270B523200F375A3 /* Frameworks */,
				3F4CF94A270B523200F375A3 /* Resources */,
			);
			buildRules = (
			);
			dependencies = (
				3F4CF94E270B523200F375A3 /* PBXTargetDependency */,
			);
			name = iDine0Tests;
			productName = iDine0Tests;
			productReference = 3F4CF94C270B523200F375A3 /* iDine0Tests.xctest */;
			productType = "com.apple.product-type.bundle.unit-test";
		};
		3F4CF956270B523200F375A3 /* iDine0UITests */ = {
			isa = PBXNativeTarget;
			buildConfigurationList = 3F4CF966270B523200F375A3 /* Build configuration list for PBXNativeTarget "iDine0UITests" */;
			buildPhases = (
				3F4CF953270B523200F375A3 /* Sources */,
				3F4CF954270B523200F375A3 /* Frameworks */,
				3F4CF955270B523200F375A3 /* Resources */,
			);
			buildRules = (
			);
			dependencies = (
				3F4CF959270B523200F375A3 /* PBXTargetDependency */,
			);
			name = iDine0UITests;
			productName = iDine0UITests;
			productReference = 3F4CF957270B523200F375A3 /* iDine0UITests.xctest */;
			productType = "com.apple.product-type.bundle.ui-testing";
		};
/* End PBXNativeTarget section */

/* Begin PBXProject section */
		3F4CF933270B522B00F375A3 /* Project object */ = {
			isa = PBXProject;
			attributes = {
				LastSwiftUpdateCheck = 1250;
				LastUpgradeCheck = 1250;
				TargetAttributes = {
					3F4CF93A270B522B00F375A3 = {
						CreatedOnToolsVersion = 12.5.1;
					};
					3F4CF94B270B523200F375A3 = {
						CreatedOnToolsVersion = 12.5.1;
						TestTargetID = 3F4CF93A270B522B00F375A3;
					};
					3F4CF956270B523200F375A3 = {
						CreatedOnToolsVersion = 12.5.1;
						TestTargetID = 3F4CF93A270B522B00F375A3;
					};
				};
			};
			buildConfigurationList = 3F4CF936270B522B00F375A3 /* Build configuration list for PBXProject "iDine0" */;
			compatibilityVersion = "Xcode 9.3";
			developmentRegion = en;
			hasScannedForEncodings = 0;
			knownRegions = (
				en,
				Base,
			);
			mainGroup = 3F4CF932270B522B00F375A3;
			productRefGroup = 3F4CF93C270B522B00F375A3 /* Products */;
			projectDirPath = "";
			projectRoot = "";
			targets = (
				3F4CF93A270B522B00F375A3 /* iDine0 */,
				3F4CF94B270B523200F375A3 /* iDine0Tests */,
				3F4CF956270B523200F375A3 /* iDine0UITests */,
			);
		};
/* End PBXProject section */

/* Begin PBXResourcesBuildPhase section */
		3F4CF939270B522B00F375A3 /* Resources */ = {
			isa = PBXResourcesBuildPhase;
			buildActionMask = 2147483647;
			files = (
				3F4CF96C270B53A000F375A3 /* menu.json in Resources */,
				3F4CF946270B523100F375A3 /* Preview Assets.xcassets in Resources */,
				3F4CF943270B523100F375A3 /* Assets.xcassets in Resources */,
			);
			runOnlyForDeploymentPostprocessing = 0;
		};
		3F4CF94A270B523200F375A3 /* Resources */ = {
			isa = PBXResourcesBuildPhase;
			buildActionMask = 2147483647;
			files = (
			);
			runOnlyForDeploymentPostprocessing = 0;
		};
		3F4CF955270B523200F375A3 /* Resources */ = {
			isa = PBXResourcesBuildPhase;
			buildActionMask = 2147483647;
			files = (
			);
			runOnlyForDeploymentPostprocessing = 0;
		};
/* End PBXResourcesBuildPhase section */

/* Begin PBXSourcesBuildPhase section */
		3F4CF937270B522B00F375A3 /* Sources */ = {
			isa = PBXSourcesBuildPhase;
			buildActionMask = 2147483647;
			files = (
				3F4CF941270B522B00F375A3 /* ContentView.swift in Sources */,
				3F4CF93F270B522B00F375A3 /* iDine0App.swift in Sources */,
				3F4CF970270B53AB00F375A3 /* Order.swift in Sources */,
				3F4CF96E270B53A600F375A3 /* Menu.swift in Sources */,
				3F4CF96A270B539900F375A3 /* Helper.swift in Sources */,
			);
			runOnlyForDeploymentPostprocessing = 0;
		};
		3F4CF948270B523200F375A3 /* Sources */ = {
			isa = PBXSourcesBuildPhase;
			buildActionMask = 2147483647;
			files = (
				3F4CF951270B523200F375A3 /* iDine0Tests.swift in Sources */,
			);
			runOnlyForDeploymentPostprocessing = 0;
		};
		3F4CF953270B523200F375A3 /* Sources */ = {
			isa = PBXSourcesBuildPhase;
			buildActionMask = 2147483647;
			files = (
				3F4CF95C270B523200F375A3 /* iDine0UITests.swift in Sources */,
			);
			runOnlyForDeploymentPostprocessing = 0;
		};
/* End PBXSourcesBuildPhase section */

/* Begin PBXTargetDependency section */
		3F4CF94E270B523200F375A3 /* PBXTargetDependency */ = {
			isa = PBXTargetDependency;
			target = 3F4CF93A270B522B00F375A3 /* iDine0 */;
			targetProxy = 3F4CF94D270B523200F375A3 /* PBXContainerItemProxy */;
		};
		3F4CF959270B523200F375A3 /* PBXTargetDependency */ = {
			isa = PBXTargetDependency;
			target = 3F4CF93A270B522B00F375A3 /* iDine0 */;
			targetProxy = 3F4CF958270B523200F375A3 /* PBXContainerItemProxy */;
		};
/* End PBXTargetDependency section */

/* Begin XCBuildConfiguration section */
		3F4CF95E270B523200F375A3 /* Debug */ = {
			isa = XCBuildConfiguration;
			buildSettings = {
				ALWAYS_SEARCH_USER_PATHS = NO;
				CLANG_ANALYZER_NONNULL = YES;
				CLANG_ANALYZER_NUMBER_OBJECT_CONVERSION = YES_AGGRESSIVE;
				CLANG_CXX_LANGUAGE_STANDARD = "gnu++14";
				CLANG_CXX_LIBRARY = "libc++";
				CLANG_ENABLE_MODULES = YES;
				CLANG_ENABLE_OBJC_ARC = YES;
				CLANG_ENABLE_OBJC_WEAK = YES;
				CLANG_WARN_BLOCK_CAPTURE_AUTORELEASING = YES;
				CLANG_WARN_BOOL_CONVERSION = YES;
				CLANG_WARN_COMMA = YES;
				CLANG_WARN_CONSTANT_CONVERSION = YES;
				CLANG_WARN_DEPRECATED_OBJC_IMPLEMENTATIONS = YES;
				CLANG_WARN_DIRECT_OBJC_ISA_USAGE = YES_ERROR;
				CLANG_WARN_DOCUMENTATION_COMMENTS = YES;
				CLANG_WARN_EMPTY_BODY = YES;
				CLANG_WARN_ENUM_CONVERSION = YES;
				CLANG_WARN_INFINITE_RECURSION = YES;
				CLANG_WARN_INT_CONVERSION = YES;
				CLANG_WARN_NON_LITERAL_NULL_CONVERSION = YES;
				CLANG_WARN_OBJC_IMPLICIT_RETAIN_SELF = YES;
				CLANG_WARN_OBJC_LITERAL_CONVERSION = YES;
				CLANG_WARN_OBJC_ROOT_CLASS = YES_ERROR;
				CLANG_WARN_QUOTED_INCLUDE_IN_FRAMEWORK_HEADER = YES;
				CLANG_WARN_RANGE_LOOP_ANALYSIS = YES;
				CLANG_WARN_STRICT_PROTOTYPES = YES;
				CLANG_WARN_SUSPICIOUS_MOVE = YES;
				CLANG_WARN_UNGUARDED_AVAILABILITY = YES_AGGRESSIVE;
				CLANG_WARN_UNREACHABLE_CODE = YES;
				CLANG_WARN__DUPLICATE_METHOD_MATCH = YES;
				COPY_PHASE_STRIP = NO;
				DEBUG_INFORMATION_FORMAT = dwarf;
				ENABLE_STRICT_OBJC_MSGSEND = YES;
				ENABLE_TESTABILITY = YES;
				GCC_C_LANGUAGE_STANDARD = gnu11;
				GCC_DYNAMIC_NO_PIC = NO;
				GCC_NO_COMMON_BLOCKS = YES;
				GCC_OPTIMIZATION_LEVEL = 0;
				GCC_PREPROCESSOR_DEFINITIONS = (
					"DEBUG=1",
					"$(inherited)",
				);
				GCC_WARN_64_TO_32_BIT_CONVERSION = YES;
				GCC_WARN_ABOUT_RETURN_TYPE = YES_ERROR;
				GCC_WARN_UNDECLARED_SELECTOR = YES;
				GCC_WARN_UNINITIALIZED_AUTOS = YES_AGGRESSIVE;
				GCC_WARN_UNUSED_FUNCTION = YES;
				GCC_WARN_UNUSED_VARIABLE = YES;
				IPHONEOS_DEPLOYMENT_TARGET = 14.5;
				MTL_ENABLE_DEBUG_INFO = INCLUDE_SOURCE;
				MTL_FAST_MATH = YES;
				ONLY_ACTIVE_ARCH = YES;
				SDKROOT = iphoneos;
				SWIFT_ACTIVE_COMPILATION_CONDITIONS = DEBUG;
				SWIFT_OPTIMIZATION_LEVEL = "-Onone";
			};
			name = Debug;
		};
		3F4CF95F270B523200F375A3 /* Release */ = {
			isa = XCBuildConfiguration;
			buildSettings = {
				ALWAYS_SEARCH_USER_PATHS = NO;
				CLANG_ANALYZER_NONNULL = YES;
				CLANG_ANALYZER_NUMBER_OBJECT_CONVERSION = YES_AGGRESSIVE;
				CLANG_CXX_LANGUAGE_STANDARD = "gnu++14";
				CLANG_CXX_LIBRARY = "libc++";
				CLANG_ENABLE_MODULES = YES;
				CLANG_ENABLE_OBJC_ARC = YES;
				CLANG_ENABLE_OBJC_WEAK = YES;
				CLANG_WARN_BLOCK_CAPTURE_AUTORELEASING = YES;
				CLANG_WARN_BOOL_CONVERSION = YES;
				CLANG_WARN_COMMA = YES;
				CLANG_WARN_CONSTANT_CONVERSION = YES;
				CLANG_WARN_DEPRECATED_OBJC_IMPLEMENTATIONS = YES;
				CLANG_WARN_DIRECT_OBJC_ISA_USAGE = YES_ERROR;
				CLANG_WARN_DOCUMENTATION_COMMENTS = YES;
				CLANG_WARN_EMPTY_BODY = YES;
				CLANG_WARN_ENUM_CONVERSION = YES;
				CLANG_WARN_INFINITE_RECURSION = YES;
				CLANG_WARN_INT_CONVERSION = YES;
				CLANG_WARN_NON_LITERAL_NULL_CONVERSION = YES;
				CLANG_WARN_OBJC_IMPLICIT_RETAIN_SELF = YES;
				CLANG_WARN_OBJC_LITERAL_CONVERSION = YES;
				CLANG_WARN_OBJC_ROOT_CLASS = YES_ERROR;
				CLANG_WARN_QUOTED_INCLUDE_IN_FRAMEWORK_HEADER = YES;
				CLANG_WARN_RANGE_LOOP_ANALYSIS = YES;
				CLANG_WARN_STRICT_PROTOTYPES = YES;
				CLANG_WARN_SUSPICIOUS_MOVE = YES;
				CLANG_WARN_UNGUARDED_AVAILABILITY = YES_AGGRESSIVE;
				CLANG_WARN_UNREACHABLE_CODE = YES;
				CLANG_WARN__DUPLICATE_METHOD_MATCH = YES;
				COPY_PHASE_STRIP = NO;
				DEBUG_INFORMATION_FORMAT = "dwarf-with-dsym";
				ENABLE_NS_ASSERTIONS = NO;
				ENABLE_STRICT_OBJC_MSGSEND = YES;
				GCC_C_LANGUAGE_STANDARD = gnu11;
				GCC_NO_COMMON_BLOCKS = YES;
				GCC_WARN_64_TO_32_BIT_CONVERSION = YES;
				GCC_WARN_ABOUT_RETURN_TYPE = YES_ERROR;
				GCC_WARN_UNDECLARED_SELECTOR = YES;
				GCC_WARN_UNINITIALIZED_AUTOS = YES_AGGRESSIVE;
				GCC_WARN_UNUSED_FUNCTION = YES;
				GCC_WARN_UNUSED_VARIABLE = YES;
				IPHONEOS_DEPLOYMENT_TARGET = 14.5;
				MTL_ENABLE_DEBUG_INFO = NO;
				MTL_FAST_MATH = YES;
				SDKROOT = iphoneos;
				SWIFT_COMPILATION_MODE = wholemodule;
				SWIFT_OPTIMIZATION_LEVEL = "-O";
				VALIDATE_PRODUCT = YES;
			};
			name = Release;
		};
		3F4CF961270B523200F375A3 /* Debug */ = {
			isa = XCBuildConfiguration;
			buildSettings = {
				ASSETCATALOG_COMPILER_APPICON_NAME = AppIcon;
				ASSETCATALOG_COMPILER_GLOBAL_ACCENT_COLOR_NAME = AccentColor;
				CODE_SIGN_STYLE = Automatic;
				DEVELOPMENT_ASSET_PATHS = "\"iDine0/Preview Content\"";
				DEVELOPMENT_TEAM = R554X45VF8;
				ENABLE_PREVIEWS = YES;
				INFOPLIST_FILE = iDine0/Info.plist;
				IPHONEOS_DEPLOYMENT_TARGET = 14.0;
				LD_RUNPATH_SEARCH_PATHS = (
					"$(inherited)",
					"@executable_path/Frameworks",
				);
				PRODUCT_BUNDLE_IDENTIFIER = pbowman.iDine0;
				PRODUCT_NAME = "$(TARGET_NAME)";
				SWIFT_VERSION = 5.0;
				TARGETED_DEVICE_FAMILY = "1,2";
			};
			name = Debug;
		};
		3F4CF962270B523200F375A3 /* Release */ = {
			isa = XCBuildConfiguration;
			buildSettings = {
				ASSETCATALOG_COMPILER_APPICON_NAME = AppIcon;
				ASSETCATALOG_COMPILER_GLOBAL_ACCENT_COLOR_NAME = AccentColor;
				CODE_SIGN_STYLE = Automatic;
				DEVELOPMENT_ASSET_PATHS = "\"iDine0/Preview Content\"";
				DEVELOPMENT_TEAM = R554X45VF8;
				ENABLE_PREVIEWS = YES;
				INFOPLIST_FILE = iDine0/Info.plist;
				IPHONEOS_DEPLOYMENT_TARGET = 14.0;
				LD_RUNPATH_SEARCH_PATHS = (
					"$(inherited)",
					"@executable_path/Frameworks",
				);
				PRODUCT_BUNDLE_IDENTIFIER = pbowman.iDine0;
				PRODUCT_NAME = "$(TARGET_NAME)";
				SWIFT_VERSION = 5.0;
				TARGETED_DEVICE_FAMILY = "1,2";
			};
			name = Release;
		};
		3F4CF964270B523200F375A3 /* Debug */ = {
			isa = XCBuildConfiguration;
			buildSettings = {
				ALWAYS_EMBED_SWIFT_STANDARD_LIBRARIES = YES;
				BUNDLE_LOADER = "$(TEST_HOST)";
				CODE_SIGN_STYLE = Automatic;
				DEVELOPMENT_TEAM = R554X45VF8;
				INFOPLIST_FILE = iDine0Tests/Info.plist;
				IPHONEOS_DEPLOYMENT_TARGET = 14.0;
				LD_RUNPATH_SEARCH_PATHS = (
					"$(inherited)",
					"@executable_path/Frameworks",
					"@loader_path/Frameworks",
				);
				PRODUCT_BUNDLE_IDENTIFIER = pbowman.iDine0Tests;
				PRODUCT_NAME = "$(TARGET_NAME)";
				SWIFT_VERSION = 5.0;
				TARGETED_DEVICE_FAMILY = "1,2";
				TEST_HOST = "$(BUILT_PRODUCTS_DIR)/iDine0.app/iDine0";
			};
			name = Debug;
		};
		3F4CF965270B523200F375A3 /* Release */ = {
			isa = XCBuildConfiguration;
			buildSettings = {
				ALWAYS_EMBED_SWIFT_STANDARD_LIBRARIES = YES;
				BUNDLE_LOADER = "$(TEST_HOST)";
				CODE_SIGN_STYLE = Automatic;
				DEVELOPMENT_TEAM = R554X45VF8;
				INFOPLIST_FILE = iDine0Tests/Info.plist;
				IPHONEOS_DEPLOYMENT_TARGET = 14.0;
				LD_RUNPATH_SEARCH_PATHS = (
					"$(inherited)",
					"@executable_path/Frameworks",
					"@loader_path/Frameworks",
				);
				PRODUCT_BUNDLE_IDENTIFIER = pbowman.iDine0Tests;
				PRODUCT_NAME = "$(TARGET_NAME)";
				SWIFT_VERSION = 5.0;
				TARGETED_DEVICE_FAMILY = "1,2";
				TEST_HOST = "$(BUILT_PRODUCTS_DIR)/iDine0.app/iDine0";
			};
			name = Release;
		};
		3F4CF967270B523200F375A3 /* Debug */ = {
			isa = XCBuildConfiguration;
			buildSettings = {
				ALWAYS_EMBED_SWIFT_STANDARD_LIBRARIES = YES;
				CODE_SIGN_STYLE = Automatic;
				DEVELOPMENT_TEAM = R554X45VF8;
				INFOPLIST_FILE = iDine0UITests/Info.plist;
				LD_RUNPATH_SEARCH_PATHS = (
					"$(inherited)",
					"@executable_path/Frameworks",
					"@loader_path/Frameworks",
				);
				PRODUCT_BUNDLE_IDENTIFIER = pbowman.iDine0UITests;
				PRODUCT_NAME = "$(TARGET_NAME)";
				SWIFT_VERSION = 5.0;
				TARGETED_DEVICE_FAMILY = "1,2";
				TEST_TARGET_NAME = iDine0;
			};
			name = Debug;
		};
		3F4CF968270B523200F375A3 /* Release */ = {
			isa = XCBuildConfiguration;
			buildSettings = {
				ALWAYS_EMBED_SWIFT_STANDARD_LIBRARIES = YES;
				CODE_SIGN_STYLE = Automatic;
				DEVELOPMENT_TEAM = R554X45VF8;
				INFOPLIST_FILE = iDine0UITests/Info.plist;
				LD_RUNPATH_SEARCH_PATHS = (
					"$(inherited)",
					"@executable_path/Frameworks",
					"@loader_path/Frameworks",
				);
				PRODUCT_BUNDLE_IDENTIFIER = pbowman.iDine0UITests;
				PRODUCT_NAME = "$(TARGET_NAME)";
				SWIFT_VERSION = 5.0;
				TARGETED_DEVICE_FAMILY = "1,2";
				TEST_TARGET_NAME = iDine0;
			};
			name = Release;
		};
/* End XCBuildConfiguration section */

/* Begin XCConfigurationList section */
		3F4CF936270B522B00F375A3 /* Build configuration list for PBXProject "iDine0" */ = {
			isa = XCConfigurationList;
			buildConfigurations = (
				3F4CF95E270B523200F375A3 /* Debug */,
				3F4CF95F270B523200F375A3 /* Release */,
			);
			defaultConfigurationIsVisible = 0;
			defaultConfigurationName = Release;
		};
		3F4CF960270B523200F375A3 /* Build configuration list for PBXNativeTarget "iDine0" */ = {
			isa = XCConfigurationList;
			buildConfigurations = (
				3F4CF961270B523200F375A3 /* Debug */,
				3F4CF962270B523200F375A3 /* Release */,
			);
			defaultConfigurationIsVisible = 0;
			defaultConfigurationName = Release;
		};
		3F4CF963270B523200F375A3 /* Build configuration list for PBXNativeTarget "iDine0Tests" */ = {
			isa = XCConfigurationList;
			buildConfigurations = (
				3F4CF964270B523200F375A3 /* Debug */,
				3F4CF965270B523200F375A3 /* Release */,
			);
			defaultConfigurationIsVisible = 0;
			defaultConfigurationName = Release;
		};
		3F4CF966270B523200F375A3 /* Build configuration list for PBXNativeTarget "iDine0UITests" */ = {
			isa = XCConfigurationList;
			buildConfigurations = (
				3F4CF967270B523200F375A3 /* Debug */,
				3F4CF968270B523200F375A3 /* Release */,
			);
			defaultConfigurationIsVisible = 0;
			defaultConfigurationName = Release;
		};
/* End XCConfigurationList section */
	};
	rootObject = 3F4CF933270B522B00F375A3 /* Project object */;
}
